{
  "name": "financeflow",
  "version": "1.0.0",
  "lockfileVersion": 1,
  "requires": true,
  "dependencies": {
    "fnm": {
      "version": "0.0.0",
      "resolved": "https://registry.npmjs.org/fnm/-/fnm-0.0.0.tgz",
      "integrity": "sha512-sghtrTBvvL54N7gw11iCL2Y9fS0/kXh/6PuCRHhK7T7wCOsBixu3mrmIlLi+umVnzylpSr8XH2TQtqHb2ij5TA=="
    }
  }
}
